// !$*UTF8*$!
{
	archiveVersion = 1;
	classes = {
	};
	objectVersion = 46;
	objects = {

/* Begin PBXBuildFile section */
		A11C2A201A24C44200CD4D28 /* main.m in Sources */ = {isa = PBXBuildFile; fileRef = A11C2A1F1A24C44200CD4D28 /* main.m */; };
		A11C2A231A24C44200CD4D28 /* AppDelegate.m in Sources */ = {isa = PBXBuildFile; fileRef = A11C2A221A24C44200CD4D28 /* AppDelegate.m */; };
		A11C2A261A24C44200CD4D28 /* tttttt.xcdatamodeld in Sources */ = {isa = PBXBuildFile; fileRef = A11C2A241A24C44200CD4D28 /* tttttt.xcdatamodeld */; };
		A11C2A291A24C44200CD4D28 /* ViewController.m in Sources */ = {isa = PBXBuildFile; fileRef = A11C2A281A24C44200CD4D28 /* ViewController.m */; };
		A11C2A2C1A24C44200CD4D28 /* Main.storyboard in Resources */ = {isa = PBXBuildFile; fileRef = A11C2A2A1A24C44200CD4D28 /* Main.storyboard */; };
		A11C2A2E1A24C44200CD4D28 /* Images.xcassets in Resources */ = {isa = PBXBuildFile; fileRef = A11C2A2D1A24C44200CD4D28 /* Images.xcassets */; };
		A11C2A311A24C44200CD4D28 /* LaunchScreen.xib in Resources */ = {isa = PBXBuildFile; fileRef = A11C2A2F1A24C44200CD4D28 /* LaunchScreen.xib */; };
		A11C2A3D1A24C44200CD4D28 /* ttttttTests.m in Sources */ = {isa = PBXBuildFile; fileRef = A11C2A3C1A24C44200CD4D28 /* ttttttTests.m */; };
/* End PBXBuildFile section */

/* Begin PBXContainerItemProxy section */
		A11C2A371A24C44200CD4D28 /* PBXContainerItemProxy */ = {
			isa = PBXContainerItemProxy;
			containerPortal = A11C2A121A24C44200CD4D28 /* Project object */;
			proxyType = 1;
			remoteGlobalIDString = A11C2A191A24C44200CD4D28;
			remoteInfo = tttttt;
		};
/* End PBXContainerItemProxy section */

/* Begin PBXFileReference section */
		A11C2A1A1A24C44200CD4D28 /* tttttt.app */ = {isa = PBXFileReference; explicitFileType = wrapper.application; includeInIndex = 0; path = tttttt.app; sourceTree = BUILT_PRODUCTS_DIR; };
		A11C2A1E1A24C44200CD4D28 /* Info.plist */ = {isa = PBXFileReference; lastKnownFileType = text.plist.xml; path = Info.plist; sourceTree = "<group>"; };
		A11C2A1F1A24C44200CD4D28 /* main.m */ = {isa = PBXFileReference; lastKnownFileType = sourcecode.c.objc; path = main.m; sourceTree = "<group>"; };
		A11C2A211A24C44200CD4D28 /* AppDelegate.h */ = {isa = PBXFileReference; lastKnownFileType = sourcecode.c.h; path = AppDelegate.h; sourceTree = "<group>"; };
		A11C2A221A24C44200CD4D28 /* AppDelegate.m */ = {isa = PBXFileReference; lastKnownFileType = sourcecode.c.objc; path = AppDelegate.m; sourceTree = "<group>"; };
		A11C2A251A24C44200CD4D28 /* tttttt.xcdatamodel */ = {isa = PBXFileReference; lastKnownFileType = wrapper.xcdatamodel; path = tttttt.xcdatamodel; sourceTree = "<group>"; };
		A11C2A271A24C44200CD4D28 /* ViewController.h */ = {isa = PBXFileReference; lastKnownFileType = sourcecode.c.h; path = ViewController.h; sourceTree = "<group>"; };
		A11C2A281A24C44200CD4D28 /* ViewController.m */ = {isa = PBXFileReference; lastKnownFileType = sourcecode.c.objc; path = ViewController.m; sourceTree = "<group>"; };
		A11C2A2B1A24C44200CD4D28 /* Base */ = {isa = PBXFileReference; lastKnownFileType = file.storyboard; name = Base; path = Base.lproj/Main.storyboard; sourceTree = "<group>"; };
		A11C2A2D1A24C44200CD4D28 /* Images.xcassets */ = {isa = PBXFileReference; lastKnownFileType = folder.assetcatalog; path = Images.xcassets; sourceTree = "<group>"; };
		A11C2A301A24C44200CD4D28 /* Base */ = {isa = PBXFileReference; lastKnownFileType = file.xib; name = Base; path = Base.lproj/LaunchScreen.xib; sourceTree = "<group>"; };
		A11C2A361A24C44200CD4D28 /* ttttttTests.xctest */ = {isa = PBXFileReference; explicitFileType = wrapper.cfbundle; includeInIndex = 0; path = ttttttTests.xctest; sourceTree = BUILT_PRODUCTS_DIR; };
		A11C2A3B1A24C44200CD4D28 /* Info.plist */ = {isa = PBXFileReference; lastKnownFileType = text.plist.xml; path = Info.plist; sourceTree = "<group>"; };
		A11C2A3C1A24C44200CD4D28 /* ttttttTests.m */ = {isa = PBXFileReference; lastKnownFileType = sourcecode.c.objc; path = ttttttTests.m; sourceTree = "<group>"; };
/* End PBXFileReference section */

/* Begin PBXFrameworksBuildPhase section */
		A11C2A171A24C44200CD4D28 /* Frameworks */ = {
			isa = PBXFrameworksBuildPhase;
			buildActionMask = 2147483647;
			files = (
			);
			runOnlyForDeploymentPostprocessing = 0;
		};
		A11C2A331A24C44200CD4D28 /* Frameworks */ = {
			isa = PBXFrameworksBuildPhase;
			buildActionMask = 2147483647;
			files = (
			);
			runOnlyForDeploymentPostprocessing = 0;
		};
/* End PBXFrameworksBuildPhase section */

/* Begin PBXGroup section */
		A11C2A111A24C44200CD4D28 = {
			isa = PBXGroup;
			children = (
				A11C2A1C1A24C44200CD4D28 /* tttttt */,
				A11C2A391A24C44200CD4D28 /* ttttttTests */,
				A11C2A1B1A24C44200CD4D28 /* Products */,
			);
			sourceTree = "<group>";
		};
		A11C2A1B1A24C44200CD4D28 /* Products */ = {
			isa = PBXGroup;
			children = (
				A11C2A1A1A24C44200CD4D28 /* tttttt.app */,
				A11C2A361A24C44200CD4D28 /* ttttttTests.xctest */,
			);
			name = Products;
			sourceTree = "<group>";
		};
		A11C2A1C1A24C44200CD4D28 /* tttttt */ = {
			isa = PBXGroup;
			children = (
				A11C2A211A24C44200CD4D28 /* AppDelegate.h */,
				A11C2A221A24C44200CD4D28 /* AppDelegate.m */,
				A11C2A271A24C44200CD4D28 /* ViewController.h */,
				A11C2A281A24C44200CD4D28 /* ViewController.m */,
				A11C2A2A1A24C44200CD4D28 /* Main.storyboard */,
				A11C2A2D1A24C44200CD4D28 /* Images.xcassets */,
				A11C2A2F1A24C44200CD4D28 /* LaunchScreen.xib */,
				A11C2A241A24C44200CD4D28 /* tttttt.xcdatamodeld */,
				A11C2A1D1A24C44200CD4D28 /* Supporting Files */,
			);
			path = tttttt;
			sourceTree = "<group>";
		};
		A11C2A1D1A24C44200CD4D28 /* Supporting Files */ = {
			isa = PBXGroup;
			children = (
				A11C2A1E1A24C44200CD4D28 /* Info.plist */,
				A11C2A1F1A24C44200CD4D28 /* main.m */,
			);
			name = "Supporting Files";
			sourceTree = "<group>";
		};
		A11C2A391A24C44200CD4D28 /* ttttttTests */ = {
			isa = PBXGroup;
			children = (
				A11C2A3C1A24C44200CD4D28 /* ttttttTests.m */,
				A11C2A3A1A24C44200CD4D28 /* Supporting Files */,
			);
			path = ttttttTests;
			sourceTree = "<group>";
		};
		A11C2A3A1A24C44200CD4D28 /* Supporting Files */ = {
			isa = PBXGroup;
			children = (
				A11C2A3B1A24C44200CD4D28 /* Info.plist */,
			);
			name = "Supporting Files";
			sourceTree = "<group>";
		};
/* End PBXGroup section */

/* Begin PBXNativeTarget section */
		A11C2A191A24C44200CD4D28 /* tttttt */ = {
			isa = PBXNativeTarget;
			buildConfigurationList = A11C2A401A24C44200CD4D28 /* Build configuration list for PBXNativeTarget "tttttt" */;
			buildPhases = (
				A11C2A161A24C44200CD4D28 /* Sources */,
				A11C2A171A24C44200CD4D28 /* Frameworks */,
				A11C2A181A24C44200CD4D28 /* Resources */,
			);
			buildRules = (
			);
			dependencies = (
			);
			name = tttttt;
			productName = tttttt;
			productReference = A11C2A1A1A24C44200CD4D28 /* tttttt.app */;
			productType = "com.apple.product-type.application";
		};
		A11C2A351A24C44200CD4D28 /* ttttttTests */ = {
			isa = PBXNativeTarget;
			buildConfigurationList = A11C2A431A24C44200CD4D28 /* Build configuration list for PBXNativeTarget "ttttttTests" */;
			buildPhases = (
				A11C2A321A24C44200CD4D28 /* Sources */,
				A11C2A331A24C44200CD4D28 /* Frameworks */,
				A11C2A341A24C44200CD4D28 /* Resources */,
			);
			buildRules = (
			);
			dependencies = (
				A11C2A381A24C44200CD4D28 /* PBXTargetDependency */,
			);
			name = ttttttTests;
			productName = ttttttTests;
			productReference = A11C2A361A24C44200CD4D28 /* ttttttTests.xctest */;
			productType = "com.apple.product-type.bundle.unit-test";
		};
/* End PBXNativeTarget section */

/* Begin PBXProject section */
		A11C2A121A24C44200CD4D28 /* Project object */ = {
			isa = PBXProject;
			attributes = {
				LastUpgradeCheck = 0610;
				ORGANIZATIONNAME = cnbm;
				TargetAttributes = {
					A11C2A191A24C44200CD4D28 = {
						CreatedOnToolsVersion = 6.1;
					};
					A11C2A351A24C44200CD4D28 = {
						CreatedOnToolsVersion = 6.1;
						TestTargetID = A11C2A191A24C44200CD4D28;
					};
				};
			};
			buildConfigurationList = A11C2A151A24C44200CD4D28 /* Build configuration list for PBXProject "tttttt" */;
			compatibilityVersion = "Xcode 3.2";
			developmentRegion = English;
			hasScannedForEncodings = 0;
			knownRegions = (
				en,
				Base,
			);
			mainGroup = A11C2A111A24C44200CD4D28;
			productRefGroup = A11C2A1B1A24C44200CD4D28 /* Products */;
			projectDirPath = "";
			projectRoot = "";
			targets = (
				A11C2A191A24C44200CD4D28 /* tttttt */,
				A11C2A351A24C44200CD4D28 /* ttttttTests */,
			);
		};
/* End PBXProject section */

/* Begin PBXResourcesBuildPhase section */
		A11C2A181A24C44200CD4D28 /* Resources */ = {
			isa = PBXResourcesBuildPhase;
			buildActionMask = 2147483647;
			files = (
				A11C2A2C1A24C44200CD4D28 /* Main.storyboard in Resources */,
				A11C2A311A24C44200CD4D28 /* LaunchScreen.xib in Resources */,
				A11C2A2E1A24C44200CD4D28 /* Images.xcassets in Resources */,
			);
			runOnlyForDeploymentPostprocessing = 0;
		};
		A11C2A341A24C44200CD4D28 /* Resources */ = {
			isa = PBXResourcesBuildPhase;
			buildActionMask = 2147483647;
			files = (
			);
			runOnlyForDeploymentPostprocessing = 0;
		};
/* End PBXResourcesBuildPhase section */

/* Begin PBXSourcesBuildPhase section */
		A11C2A161A24C44200CD4D28 /* Sources */ = {
			isa = PBXSourcesBuildPhase;
			buildActionMask = 2147483647;
			files = (
				A11C2A261A24C44200CD4D28 /* tttttt.xcdatamodeld in Sources */,
				A11C2A231A24C44200CD4D28 /* AppDelegate.m in Sources */,
				A11C2A291A24C44200CD4D28 /* ViewController.m in Sources */,
				A11C2A201A24C44200CD4D28 /* main.m in Sources */,
			);
			runOnlyForDeploymentPostprocessing = 0;
		};
		A11C2A321A24C44200CD4D28 /* Sources */ = {
			isa = PBXSourcesBuildPhase;
			buildActionMask = 2147483647;
			files = (
				A11C2A3D1A24C44200CD4D28 /* ttttttTests.m in Sources */,
			);
			runOnlyForDeploymentPostprocessing = 0;
		};
/* End PBXSourcesBuildPhase section */

/* Begin PBXTargetDependency section */
		A11C2A381A24C44200CD4D28 /* PBXTargetDependency */ = {
			isa = PBXTargetDependency;
			target = A11C2A191A24C44200CD4D28 /* tttttt */;
			targetProxy = A11C2A371A24C44200CD4D28 /* PBXContainerItemProxy */;
		};
/* End PBXTargetDependency section */

/* Begin PBXVariantGroup section */
		A11C2A2A1A24C44200CD4D28 /* Main.storyboard */ = {
			isa = PBXVariantGroup;
			children = (
				A11C2A2B1A24C44200CD4D28 /* Base */,
			);
			name = Main.storyboard;
			sourceTree = "<group>";
		};
		A11C2A2F1A24C44200CD4D28 /* LaunchScreen.xib */ = {
			isa = PBXVariantGroup;
			children = (
				A11C2A301A24C44200CD4D28 /* Base */,
			);
			name = LaunchScreen.xib;
			sourceTree = "<group>";
		};
/* End PBXVariantGroup section */

/* Begin XCBuildConfiguration section */
		A11C2A3E1A24C44200CD4D28 /* Debug */ = {
			isa = XCBuildConfiguration;
			buildSettings = {
				ALWAYS_SEARCH_USER_PATHS = NO;
				CLANG_CXX_LANGUAGE_STANDARD = "gnu++0x";
				CLANG_CXX_LIBRARY = "libc++";
				CLANG_ENABLE_MODULES = YES;
				CLANG_ENABLE_OBJC_ARC = YES;
				CLANG_WARN_BOOL_CONVERSION = YES;
				CLANG_WARN_CONSTANT_CONVERSION = YES;
				CLANG_WARN_DIRECT_OBJC_ISA_USAGE = YES_ERROR;
				CLANG_WARN_EMPTY_BODY = YES;
				CLANG_WARN_ENUM_CONVERSION = YES;
				CLANG_WARN_INT_CONVERSION = YES;
				CLANG_WARN_OBJC_ROOT_CLASS = YES_ERROR;
				CLANG_WARN_UNREACHABLE_CODE = YES;
				CLANG_WARN__DUPLICATE_METHOD_MATCH = YES;
				"CODE_SIGN_IDENTITY[sdk=iphoneos*]" = "iPhone Developer";
				COPY_PHASE_STRIP = NO;
				ENABLE_STRICT_OBJC_MSGSEND = YES;
				GCC_C_LANGUAGE_STANDARD = gnu99;
				GCC_DYNAMIC_NO_PIC = NO;
				GCC_OPTIMIZATION_LEVEL = 0;
				GCC_PREPROCESSOR_DEFINITIONS = (
					"DEBUG=1",
					"$(inherited)",
				);
				GCC_SYMBOLS_PRIVATE_EXTERN = NO;
				GCC_WARN_64_TO_32_BIT_CONVERSION = YES;
				GCC_WARN_ABOUT_RETURN_TYPE = YES_ERROR;
				GCC_WARN_UNDECLARED_SELECTOR = YES;
				GCC_WARN_UNINITIALIZED_AUTOS = YES_AGGRESSIVE;
				GCC_WARN_UNUSED_FUNCTION = YES;
				GCC_WARN_UNUSED_VARIABLE = YES;
				IPHONEOS_DEPLOYMENT_TARGET = 8.1;
				MTL_ENABLE_DEBUG_INFO = YES;
				ONLY_ACTIVE_ARCH = YES;
				SDKROOT = iphoneos;
			};
			name = Debug;
		};
		A11C2A3F1A24C44200CD4D28 /* Release */ = {
			isa = XCBuildConfiguration;
			buildSettings = {
				ALWAYS_SEARCH_USER_PATHS = NO;
				CLANG_CXX_LANGUAGE_STANDARD = "gnu++0x";
				CLANG_CXX_LIBRARY = "libc++";
				CLANG_ENABLE_MODULES = YES;
				CLANG_ENABLE_OBJC_ARC = YES;
				CLANG_WARN_BOOL_CONVERSION = YES;
				CLANG_WARN_CONSTANT_CONVERSION = YES;
				CLANG_WARN_DIRECT_OBJC_ISA_USAGE = YES_ERROR;
				CLANG_WARN_EMPTY_BODY = YES;
				CLANG_WARN_ENUM_CONVERSION = YES;
				CLANG_WARN_INT_CONVERSION = YES;
				CLANG_WARN_OBJC_ROOT_CLASS = YES_ERROR;
				CLANG_WARN_UNREACHABLE_CODE = YES;
				CLANG_WARN__DUPLICATE_METHOD_MATCH = YES;
				"CODE_SIGN_IDENTITY[sdk=iphoneos*]" = "iPhone Developer";
				COPY_PHASE_STRIP = YES;
				ENABLE_NS_ASSERTIONS = NO;
				ENABLE_STRICT_OBJC_MSGSEND = YES;
				GCC_C_LANGUAGE_STANDARD = gnu99;
				GCC_WARN_64_TO_32_BIT_CONVERSION = YES;
				GCC_WARN_ABOUT_RETURN_TYPE = YES_ERROR;
				GCC_WARN_UNDECLARED_SELECTOR = YES;
				GCC_WARN_UNINITIALIZED_AUTOS = YES_AGGRESSIVE;
				GCC_WARN_UNUSED_FUNCTION = YES;
				GCC_WARN_UNUSED_VARIABLE = YES;
				IPHONEOS_DEPLOYMENT_TARGET = 8.1;
				MTL_ENABLE_DEBUG_INFO = NO;
				SDKROOT = iphoneos;
				VALIDATE_PRODUCT = YES;
			};
			name = Release;
		};
		A11C2A411A24C44200CD4D28 /* Debug */ = {
			isa = XCBuildConfiguration;
			buildSettings = {
				ASSETCATALOG_COMPILER_APPICON_NAME = AppIcon;
				ASSETCATALOG_COMPILER_LAUNCHIMAGE_NAME = LaunchImage;
				INFOPLIST_FILE = tttttt/Info.plist;
				IPHONEOS_DEPLOYMENT_TARGET = 7.0;
				LD_RUNPATH_SEARCH_PATHS = "$(inherited) @executable_path/Frameworks";
				PRODUCT_NAME = "$(TARGET_NAME)";
			};
			name = Debug;
		};
		A11C2A421A24C44200CD4D28 /* Release */ = {
			isa = XCBuildConfiguration;
			buildSettings = {
				ASSETCATALOG_COMPILER_APPICON_NAME = AppIcon;
				ASSETCATALOG_COMPILER_LAUNCHIMAGE_NAME = LaunchImage;
				INFOPLIST_FILE = tttttt/Info.plist;
				IPHONEOS_DEPLOYMENT_TARGET = 7.0;
				LD_RUNPATH_SEARCH_PATHS = "$(inherited) @executable_path/Frameworks";
				PRODUCT_NAME = "$(TARGET_NAME)";
			};
			name = Release;
		};
		A11C2A441A24C44200CD4D28 /* Debug */ = {
			isa = XCBuildConfiguration;
			buildSettings = {
				BUNDLE_LOADER = "$(TEST_HOST)";
				FRAMEWORK_SEARCH_PATHS = (
					"$(SDKROOT)/Developer/Library/Frameworks",
					"$(inherited)",
				);
				GCC_PREPROCESSOR_DEFINITIONS = (
					"DEBUG=1",
					"$(inherited)",
				);
				INFOPLIST_FILE = ttttttTests/Info.plist;
				LD_RUNPATH_SEARCH_PATHS = "$(inherited) @executable_path/Frameworks @loader_path/Frameworks";
				PRODUCT_NAME = "$(TARGET_NAME)";
				TEST_HOST = "$(BUILT_PRODUCTS_DIR)/tttttt.app/tttttt";
			};
			name = Debug;
		};
		A11C2A451A24C44200CD4D28 /* Release */ = {
			isa = XCBuildConfiguration;
			buildSettings = {
				BUNDLE_LOADER = "$(TEST_HOST)";
				FRAMEWORK_SEARCH_PATHS = (
					"$(SDKROOT)/Developer/Library/Frameworks",
					"$(inherited)",
				);
				INFOPLIST_FILE = ttttttTests/Info.plist;
				LD_RUNPATH_SEARCH_PATHS = "$(inherited) @executable_path/Frameworks @loader_path/Frameworks";
				PRODUCT_NAME = "$(TARGET_NAME)";
				TEST_HOST = "$(BUILT_PRODUCTS_DIR)/tttttt.app/tttttt";
			};
			name = Release;
		};
/* End XCBuildConfiguration section */

/* Begin XCConfigurationList section */
		A11C2A151A24C44200CD4D28 /* Build configuration list for PBXProject "tttttt" */ = {
			isa = XCConfigurationList;
			buildConfigurations = (
				A11C2A3E1A24C44200CD4D28 /* Debug */,
				A11C2A3F1A24C44200CD4D28 /* Release */,
			);
			defaultConfigurationIsVisible = 0;
			defaultConfigurationName = Release;
		};
		A11C2A401A24C44200CD4D28 /* Build configuration list for PBXNativeTarget "tttttt" */ = {
			isa = XCConfigurationList;
			buildConfigurations = (
				A11C2A411A24C44200CD4D28 /* Debug */,
				A11C2A421A24C44200CD4D28 /* Release */,
			);
			defaultConfigurationIsVisible = 0;
			defaultConfigurationName = Release;
		};
		A11C2A431A24C44200CD4D28 /* Build configuration list for PBXNativeTarget "ttttttTests" */ = {
			isa = XCConfigurationList;
			buildConfigurations = (
				A11C2A441A24C44200CD4D28 /* Debug */,
				A11C2A451A24C44200CD4D28 /* Release */,
			);
			defaultConfigurationIsVisible = 0;
			defaultConfigurationName = Release;
		};
/* End XCConfigurationList section */

/* Begin XCVersionGroup section */
		A11C2A241A24C44200CD4D28 /* tttttt.xcdatamodeld */ = {
			isa = XCVersionGroup;
			children = (
				A11C2A251A24C44200CD4D28 /* tttttt.xcdatamodel */,
			);
			currentVersion = A11C2A251A24C44200CD4D28 /* tttttt.xcdatamodel */;
			path = tttttt.xcdatamodeld;
			sourceTree = "<group>";
			versionGroupType = wrapper.xcdatamodel;
		};
/* End XCVersionGroup section */
	};
	rootObject = A11C2A121A24C44200CD4D28 /* Project object */;
}
